{
  "originHash" : "613b28e425764f6f5e2d0316b818d3b2858004db0fa76fab5e9c7fe6768259c0",
  "pins" : [
    {
      "identity" : "swift-collections",
      "kind" : "remoteSourceControl",
      "location" : "https://github.com/apple/swift-collections",
      "state" : {
        "revision" : "3d2dc41a01f9e49d84f0a3925fb858bed64f702d",
        "version" : "1.1.2"
      }
    }
  ],
  "version" : 3
}
